
Microsoft Visual Studio Solution File, Format Version 12.00
# Visual Studio Version 17
VisualStudioVersion = 17.10.35013.160
MinimumVisualStudioVersion = 10.0.40219.1
Project("{FAE04EC0-301F-11D3-BF4B-00C04F79EFBC}") = "Assignment OOP Session01", "Assignment OOP Session01.csproj", "{959173B7-3885-46D9-A363-232836EA37B0}"
EndProject
Global
	GlobalSection(SolutionConfigurationPlatforms) = preSolution
		Debug|Any CPU = Debug|Any CPU
		Release|Any CPU = Release|Any CPU
	EndGlobalSection
	GlobalSection(ProjectConfigurationPlatforms) = postSolution
		{959173B7-3885-46D9-A363-232836EA37B0}.Debug|Any CPU.ActiveCfg = Debug|Any CPU
		{959173B7-3885-46D9-A363-232836EA37B0}.Debug|Any CPU.Build.0 = Debug|Any CPU
		{959173B7-3885-46D9-A363-232836EA37B0}.Release|Any CPU.ActiveCfg = Release|Any CPU
		{959173B7-3885-46D9-A363-232836EA37B0}.Release|Any CPU.Build.0 = Release|Any CPU
	EndGlobalSection
	GlobalSection(SolutionProperties) = preSolution
		HideSolutionNode = FALSE
	EndGlobalSection
	GlobalSection(ExtensibilityGlobals) = postSolution
		SolutionGuid = {CCCD998B-475D-47D8-A703-8B326A9AB2B0}
	EndGlobalSection
EndGlobal
